$begin 'ConnectionParameters'
	DesktopProcessID=4596
	DesktopProcessPath='C:\\Program Files\\ANSYS Inc\\v252\\AnsysEM\\ansysedt.exe'
	LaunchedByWB=false
	GRPCPort=50051
	$begin 'DesktopStubBlock'
		$begin 'CommDetails'
			TransportType=1
			IPAddress='144.122.26.140'
			ListenPort='50972'
		$end 'CommDetails'
		$begin 'Marshall'
			InstanceID=503
			ProcID=4596
			InterfaceID=1
			FactoryIntID='DesktopInterfaceForWBProxyStubFactory'
		$end 'Marshall'
	$end 'DesktopStubBlock'
	$begin 'DesktopBackgroundObjStubBlock'
		$begin 'CommDetails'
			TransportType=1
			IPAddress='144.122.26.140'
			ListenPort='50972'
		$end 'CommDetails'
		$begin 'Marshall'
			InstanceID=505
			ProcID=4596
			InterfaceID=2
			FactoryIntID='DesktopInterfaceForWBProxyStubFactory'
		$end 'Marshall'
	$end 'DesktopBackgroundObjStubBlock'
$end 'ConnectionParameters'
